
Microsoft Visual Studio Solution File, Format Version 12.00
# Visual Studio Version 17
VisualStudioVersion = 17.11.35222.181
MinimumVisualStudioVersion = 10.0.40219.1
Project("{FAE04EC0-301F-11D3-BF4B-00C04F79EFBC}") = "PokeGame.Core.Api", "PokeGame.Core.Api\PokeGame.Core.Api.csproj", "{62F53818-F8C3-473C-BB5A-28DF70382245}"
EndProject
Project("{FAE04EC0-301F-11D3-BF4B-00C04F79EFBC}") = "PokeGame.Core.PokeApiClient", "PokeGame.Core.PokeApiClient\PokeGame.Core.PokeApiClient.csproj", "{092F6491-0031-4E1D-B60B-FA508D5A7FC6}"
EndProject
Project("{FAE04EC0-301F-11D3-BF4B-00C04F79EFBC}") = "PokeGame.Core.Common", "PokeGame.Core.Common\PokeGame.Core.Common.csproj", "{CA1E6BFB-7529-44DE-B6A3-088BD4689B92}"
EndProject
Project("{FAE04EC0-301F-11D3-BF4B-00C04F79EFBC}") = "PokeGame.Core.Domain.Services", "PokeGame.Core.Domain.Services\PokeGame.Core.Domain.Services.csproj", "{EE8C7C35-3E7D-4A4A-95EB-3C59428D3915}"
EndProject
Project("{FAE04EC0-301F-11D3-BF4B-00C04F79EFBC}") = "PokeGame.Core.Common.Services", "PokeGame.Core.Common.Services\PokeGame.Core.Common.Services.csproj", "{51424F76-35C6-432E-9A42-4DC41C0E2B23}"
EndProject
Project("{FAE04EC0-301F-11D3-BF4B-00C04F79EFBC}") = "PokeGame.Core.Common.Schemas", "PokeGame.Core.Common.Schemas\PokeGame.Core.Common.Schemas.csproj", "{FF28FA29-1CAF-4465-AAE0-2222FF608912}"
EndProject
Project("{FAE04EC0-301F-11D3-BF4B-00C04F79EFBC}") = "PokeGame.Core.Persistence", "PokeGame.Core.Persistence\PokeGame.Core.Persistence.csproj", "{7278FB6B-F645-42B4-AEA9-114E7005CAC1}"
EndProject
Project("{FAE04EC0-301F-11D3-BF4B-00C04F79EFBC}") = "PokeGame.Core.Persistence.Entities", "PokeGame.Core.Persistence.Entities\PokeGame.Core.Persistence.Entities.csproj", "{098EB28F-7DE8-4C77-AB47-7331A46783C6}"
EndProject
Project("{2150E333-8FDC-42A3-9474-1A3956D46DE8}") = "Submodules", "Submodules", "{7870B4D1-9D51-4166-AE81-C3AF7571C815}"
EndProject
Project("{FAE04EC0-301F-11D3-BF4B-00C04F79EFBC}") = "BT.Common.Polly", "..\Submodules\BT\src\BT.Common\BT.Common.Polly\BT.Common.Polly.csproj", "{43BE26FC-164A-458B-BF32-DB23719B033E}"
EndProject
Project("{FAE04EC0-301F-11D3-BF4B-00C04F79EFBC}") = "BT.Common.Persistence.Shared", "..\Submodules\BT\src\BT.Common\BT.Common.Persistence.Shared\BT.Common.Persistence.Shared.csproj", "{0E10AB0E-982B-4488-9206-6094C11B8DEA}"
EndProject
Project("{FAE04EC0-301F-11D3-BF4B-00C04F79EFBC}") = "BT.Common.FastArray", "..\Submodules\BT\src\BT.Common\BT.Common.FastArray\BT.Common.FastArray.csproj", "{E2129431-1483-49F5-BAE3-0C0E919085E3}"
EndProject
Project("{FAE04EC0-301F-11D3-BF4B-00C04F79EFBC}") = "BT.Common.OperationTimer", "..\Submodules\BT\src\BT.Common\BT.Common.OperationTimer\BT.Common.OperationTimer.csproj", "{83F18EFF-FEE1-47AB-9EAA-4F2FBBB0F505}"
EndProject
Project("{FAE04EC0-301F-11D3-BF4B-00C04F79EFBC}") = "BT.Common.Helpers", "..\Submodules\BT\src\BT.Common\BT.Common.Helpers\BT.Common.Helpers.csproj", "{E9760AD8-95E6-4249-8D70-53E5AB10054A}"
EndProject
Project("{FAE04EC0-301F-11D3-BF4B-00C04F79EFBC}") = "PokeGame.Core.Aspire", "PokeGame.Core.Aspire\PokeGame.Core.Aspire.csproj", "{912E2A50-737A-47CE-8729-563F463900AB}"
EndProject
Global
	GlobalSection(SolutionConfigurationPlatforms) = preSolution
		Debug|Any CPU = Debug|Any CPU
		Release|Any CPU = Release|Any CPU
	EndGlobalSection
	GlobalSection(ProjectConfigurationPlatforms) = postSolution
		{62F53818-F8C3-473C-BB5A-28DF70382245}.Debug|Any CPU.ActiveCfg = Debug|Any CPU
		{62F53818-F8C3-473C-BB5A-28DF70382245}.Debug|Any CPU.Build.0 = Debug|Any CPU
		{62F53818-F8C3-473C-BB5A-28DF70382245}.Release|Any CPU.ActiveCfg = Release|Any CPU
		{62F53818-F8C3-473C-BB5A-28DF70382245}.Release|Any CPU.Build.0 = Release|Any CPU
		{092F6491-0031-4E1D-B60B-FA508D5A7FC6}.Debug|Any CPU.ActiveCfg = Debug|Any CPU
		{092F6491-0031-4E1D-B60B-FA508D5A7FC6}.Debug|Any CPU.Build.0 = Debug|Any CPU
		{092F6491-0031-4E1D-B60B-FA508D5A7FC6}.Release|Any CPU.ActiveCfg = Release|Any CPU
		{092F6491-0031-4E1D-B60B-FA508D5A7FC6}.Release|Any CPU.Build.0 = Release|Any CPU
		{CA1E6BFB-7529-44DE-B6A3-088BD4689B92}.Debug|Any CPU.ActiveCfg = Debug|Any CPU
		{CA1E6BFB-7529-44DE-B6A3-088BD4689B92}.Debug|Any CPU.Build.0 = Debug|Any CPU
		{CA1E6BFB-7529-44DE-B6A3-088BD4689B92}.Release|Any CPU.ActiveCfg = Release|Any CPU
		{CA1E6BFB-7529-44DE-B6A3-088BD4689B92}.Release|Any CPU.Build.0 = Release|Any CPU
		{EE8C7C35-3E7D-4A4A-95EB-3C59428D3915}.Debug|Any CPU.ActiveCfg = Debug|Any CPU
		{EE8C7C35-3E7D-4A4A-95EB-3C59428D3915}.Debug|Any CPU.Build.0 = Debug|Any CPU
		{EE8C7C35-3E7D-4A4A-95EB-3C59428D3915}.Release|Any CPU.ActiveCfg = Release|Any CPU
		{EE8C7C35-3E7D-4A4A-95EB-3C59428D3915}.Release|Any CPU.Build.0 = Release|Any CPU
		{51424F76-35C6-432E-9A42-4DC41C0E2B23}.Debug|Any CPU.ActiveCfg = Debug|Any CPU
		{51424F76-35C6-432E-9A42-4DC41C0E2B23}.Debug|Any CPU.Build.0 = Debug|Any CPU
		{51424F76-35C6-432E-9A42-4DC41C0E2B23}.Release|Any CPU.ActiveCfg = Release|Any CPU
		{51424F76-35C6-432E-9A42-4DC41C0E2B23}.Release|Any CPU.Build.0 = Release|Any CPU
		{FF28FA29-1CAF-4465-AAE0-2222FF608912}.Debug|Any CPU.ActiveCfg = Debug|Any CPU
		{FF28FA29-1CAF-4465-AAE0-2222FF608912}.Debug|Any CPU.Build.0 = Debug|Any CPU
		{FF28FA29-1CAF-4465-AAE0-2222FF608912}.Release|Any CPU.ActiveCfg = Release|Any CPU
		{FF28FA29-1CAF-4465-AAE0-2222FF608912}.Release|Any CPU.Build.0 = Release|Any CPU
		{7278FB6B-F645-42B4-AEA9-114E7005CAC1}.Debug|Any CPU.ActiveCfg = Debug|Any CPU
		{7278FB6B-F645-42B4-AEA9-114E7005CAC1}.Debug|Any CPU.Build.0 = Debug|Any CPU
		{7278FB6B-F645-42B4-AEA9-114E7005CAC1}.Release|Any CPU.ActiveCfg = Release|Any CPU
		{7278FB6B-F645-42B4-AEA9-114E7005CAC1}.Release|Any CPU.Build.0 = Release|Any CPU
		{098EB28F-7DE8-4C77-AB47-7331A46783C6}.Debug|Any CPU.ActiveCfg = Debug|Any CPU
		{098EB28F-7DE8-4C77-AB47-7331A46783C6}.Debug|Any CPU.Build.0 = Debug|Any CPU
		{098EB28F-7DE8-4C77-AB47-7331A46783C6}.Release|Any CPU.ActiveCfg = Release|Any CPU
		{098EB28F-7DE8-4C77-AB47-7331A46783C6}.Release|Any CPU.Build.0 = Release|Any CPU
		{43BE26FC-164A-458B-BF32-DB23719B033E}.Debug|Any CPU.ActiveCfg = Debug|Any CPU
		{43BE26FC-164A-458B-BF32-DB23719B033E}.Debug|Any CPU.Build.0 = Debug|Any CPU
		{43BE26FC-164A-458B-BF32-DB23719B033E}.Release|Any CPU.ActiveCfg = Release|Any CPU
		{43BE26FC-164A-458B-BF32-DB23719B033E}.Release|Any CPU.Build.0 = Release|Any CPU
		{0E10AB0E-982B-4488-9206-6094C11B8DEA}.Debug|Any CPU.ActiveCfg = Debug|Any CPU
		{0E10AB0E-982B-4488-9206-6094C11B8DEA}.Debug|Any CPU.Build.0 = Debug|Any CPU
		{0E10AB0E-982B-4488-9206-6094C11B8DEA}.Release|Any CPU.ActiveCfg = Release|Any CPU
		{0E10AB0E-982B-4488-9206-6094C11B8DEA}.Release|Any CPU.Build.0 = Release|Any CPU
		{E2129431-1483-49F5-BAE3-0C0E919085E3}.Debug|Any CPU.ActiveCfg = Debug|Any CPU
		{E2129431-1483-49F5-BAE3-0C0E919085E3}.Debug|Any CPU.Build.0 = Debug|Any CPU
		{E2129431-1483-49F5-BAE3-0C0E919085E3}.Release|Any CPU.ActiveCfg = Release|Any CPU
		{E2129431-1483-49F5-BAE3-0C0E919085E3}.Release|Any CPU.Build.0 = Release|Any CPU
		{83F18EFF-FEE1-47AB-9EAA-4F2FBBB0F505}.Debug|Any CPU.ActiveCfg = Debug|Any CPU
		{83F18EFF-FEE1-47AB-9EAA-4F2FBBB0F505}.Debug|Any CPU.Build.0 = Debug|Any CPU
		{83F18EFF-FEE1-47AB-9EAA-4F2FBBB0F505}.Release|Any CPU.ActiveCfg = Release|Any CPU
		{83F18EFF-FEE1-47AB-9EAA-4F2FBBB0F505}.Release|Any CPU.Build.0 = Release|Any CPU
		{E9760AD8-95E6-4249-8D70-53E5AB10054A}.Debug|Any CPU.ActiveCfg = Debug|Any CPU
		{E9760AD8-95E6-4249-8D70-53E5AB10054A}.Debug|Any CPU.Build.0 = Debug|Any CPU
		{E9760AD8-95E6-4249-8D70-53E5AB10054A}.Release|Any CPU.ActiveCfg = Release|Any CPU
		{E9760AD8-95E6-4249-8D70-53E5AB10054A}.Release|Any CPU.Build.0 = Release|Any CPU
		{912E2A50-737A-47CE-8729-563F463900AB}.Debug|Any CPU.ActiveCfg = Debug|Any CPU
		{912E2A50-737A-47CE-8729-563F463900AB}.Debug|Any CPU.Build.0 = Debug|Any CPU
		{912E2A50-737A-47CE-8729-563F463900AB}.Release|Any CPU.ActiveCfg = Release|Any CPU
		{912E2A50-737A-47CE-8729-563F463900AB}.Release|Any CPU.Build.0 = Release|Any CPU
	EndGlobalSection
	GlobalSection(SolutionProperties) = preSolution
		HideSolutionNode = FALSE
	EndGlobalSection
	GlobalSection(NestedProjects) = preSolution
		{43BE26FC-164A-458B-BF32-DB23719B033E} = {7870B4D1-9D51-4166-AE81-C3AF7571C815}
		{0E10AB0E-982B-4488-9206-6094C11B8DEA} = {7870B4D1-9D51-4166-AE81-C3AF7571C815}
		{E2129431-1483-49F5-BAE3-0C0E919085E3} = {7870B4D1-9D51-4166-AE81-C3AF7571C815}
		{83F18EFF-FEE1-47AB-9EAA-4F2FBBB0F505} = {7870B4D1-9D51-4166-AE81-C3AF7571C815}
		{E9760AD8-95E6-4249-8D70-53E5AB10054A} = {7870B4D1-9D51-4166-AE81-C3AF7571C815}
	EndGlobalSection
	GlobalSection(ExtensibilityGlobals) = postSolution
		SolutionGuid = {C122D0E2-872C-45D3-AB0F-E1FA14AFCE8E}
	EndGlobalSection
EndGlobal
